
Microsoft Visual Studio Solution File, Format Version 12.00
# Visual Studio Version 16
VisualStudioVersion = 16.0.30804.86
MinimumVisualStudioVersion = 10.0.40219.1
Project("{FAE04EC0-301F-11D3-BF4B-00C04F79EFBC}") = "OpenBypass", "OpenBypass\OpenBypass.csproj", "{65F6EC1F-6E5B-4F39-B9E9-1B9694979466}"
EndProject
Global
	GlobalSection(SolutionConfigurationPlatforms) = preSolution
		Debug|Any CPU = Debug|Any CPU
		Release|Any CPU = Release|Any CPU
	EndGlobalSection
	GlobalSection(ProjectConfigurationPlatforms) = postSolution
		{65F6EC1F-6E5B-4F39-B9E9-1B9694979466}.Debug|Any CPU.ActiveCfg = Debug|Any CPU
		{65F6EC1F-6E5B-4F39-B9E9-1B9694979466}.Debug|Any CPU.Build.0 = Debug|Any CPU
		{65F6EC1F-6E5B-4F39-B9E9-1B9694979466}.Release|Any CPU.ActiveCfg = Release|Any CPU
		{65F6EC1F-6E5B-4F39-B9E9-1B9694979466}.Release|Any CPU.Build.0 = Release|Any CPU
	EndGlobalSection
	GlobalSection(SolutionProperties) = preSolution
		HideSolutionNode = FALSE
	EndGlobalSection
	GlobalSection(ExtensibilityGlobals) = postSolution
		SolutionGuid = {6888486D-63D1-49C4-9410-93CBE76370FB}
	EndGlobalSection
EndGlobal
